
Microsoft Visual Studio Solution File, Format Version 12.00
# Visual Studio Version 17
VisualStudioVersion = 17.5.33424.131
MinimumVisualStudioVersion = 10.0.40219.1
Project("{9A19103F-16F7-4668-BE54-9A1E7A4F7556}") = "Devify", "Devify\Devify.csproj", "{96AA332A-6910-43B8-989B-612D7AEA9172}"
EndProject
Project("{9A19103F-16F7-4668-BE54-9A1E7A4F7556}") = "Devify.Entity", "Devify.Entity\Devify.Entity.csproj", "{0B60F153-6B7C-4EF6-952C-EB0314C64F84}"
EndProject
Project("{9A19103F-16F7-4668-BE54-9A1E7A4F7556}") = "Devify.Application", "Devify.Application\Devify.Application.csproj", "{33EA008B-F1AA-4BC8-A322-F63D883F9BF0}"
EndProject
Project("{9A19103F-16F7-4668-BE54-9A1E7A4F7556}") = "Devify.Infrastructure", "Devify.Infrastructure\Devify.Infrastructure.csproj", "{E45C93F3-D33D-4741-BEC8-51CD8982A97F}"
EndProject
Global
	GlobalSection(SolutionConfigurationPlatforms) = preSolution
		Debug|Any CPU = Debug|Any CPU
		Release|Any CPU = Release|Any CPU
	EndGlobalSection
	GlobalSection(ProjectConfigurationPlatforms) = postSolution
		{96AA332A-6910-43B8-989B-612D7AEA9172}.Debug|Any CPU.ActiveCfg = Debug|Any CPU
		{96AA332A-6910-43B8-989B-612D7AEA9172}.Debug|Any CPU.Build.0 = Debug|Any CPU
		{96AA332A-6910-43B8-989B-612D7AEA9172}.Release|Any CPU.ActiveCfg = Release|Any CPU
		{96AA332A-6910-43B8-989B-612D7AEA9172}.Release|Any CPU.Build.0 = Release|Any CPU
		{0B60F153-6B7C-4EF6-952C-EB0314C64F84}.Debug|Any CPU.ActiveCfg = Debug|Any CPU
		{0B60F153-6B7C-4EF6-952C-EB0314C64F84}.Debug|Any CPU.Build.0 = Debug|Any CPU
		{0B60F153-6B7C-4EF6-952C-EB0314C64F84}.Release|Any CPU.ActiveCfg = Release|Any CPU
		{0B60F153-6B7C-4EF6-952C-EB0314C64F84}.Release|Any CPU.Build.0 = Release|Any CPU
		{33EA008B-F1AA-4BC8-A322-F63D883F9BF0}.Debug|Any CPU.ActiveCfg = Debug|Any CPU
		{33EA008B-F1AA-4BC8-A322-F63D883F9BF0}.Debug|Any CPU.Build.0 = Debug|Any CPU
		{33EA008B-F1AA-4BC8-A322-F63D883F9BF0}.Release|Any CPU.ActiveCfg = Release|Any CPU
		{33EA008B-F1AA-4BC8-A322-F63D883F9BF0}.Release|Any CPU.Build.0 = Release|Any CPU
		{E45C93F3-D33D-4741-BEC8-51CD8982A97F}.Debug|Any CPU.ActiveCfg = Debug|Any CPU
		{E45C93F3-D33D-4741-BEC8-51CD8982A97F}.Debug|Any CPU.Build.0 = Debug|Any CPU
		{E45C93F3-D33D-4741-BEC8-51CD8982A97F}.Release|Any CPU.ActiveCfg = Release|Any CPU
		{E45C93F3-D33D-4741-BEC8-51CD8982A97F}.Release|Any CPU.Build.0 = Release|Any CPU
	EndGlobalSection
	GlobalSection(SolutionProperties) = preSolution
		HideSolutionNode = FALSE
	EndGlobalSection
	GlobalSection(ExtensibilityGlobals) = postSolution
		SolutionGuid = {FA0EF7F7-656C-4A47-A145-95E8604E7047}
	EndGlobalSection
EndGlobal
